
Microsoft Visual Studio Solution File, Format Version 12.00
# Visual Studio Version 17
VisualStudioVersion = 17.8.34525.116
MinimumVisualStudioVersion = 10.0.40219.1
Project("{8BC9CEB8-8B4A-11D0-8D11-00A0C91BC942}") = "ImGui", "ImGui.vcxproj", "{C0FF640D-2C14-8DBE-F595-301E616989EF}"
EndProject
Project("{8BC9CEB8-8B4A-11D0-8D11-00A0C91BC942}") = "WinTMux", "Build\Solution\WinTMux.vcxproj", "{61DBAD29-CDBA-2CC5-D6D2-B79B42319326}"
EndProject
Global
	GlobalSection(SolutionConfigurationPlatforms) = preSolution
		Debug|Mixed Platforms = Debug|Mixed Platforms
		Release|Mixed Platforms = Release|Mixed Platforms
	EndGlobalSection
	GlobalSection(ProjectConfigurationPlatforms) = postSolution
		{C0FF640D-2C14-8DBE-F595-301E616989EF}.Debug|Mixed Platforms.ActiveCfg = Debug|Win32
		{C0FF640D-2C14-8DBE-F595-301E616989EF}.Debug|Mixed Platforms.Build.0 = Debug|Win32
		{C0FF640D-2C14-8DBE-F595-301E616989EF}.Release|Mixed Platforms.ActiveCfg = Release|Win32
		{C0FF640D-2C14-8DBE-F595-301E616989EF}.Release|Mixed Platforms.Build.0 = Release|Win32
		{61DBAD29-CDBA-2CC5-D6D2-B79B42319326}.Debug|Mixed Platforms.ActiveCfg = Debug|x64
		{61DBAD29-CDBA-2CC5-D6D2-B79B42319326}.Debug|Mixed Platforms.Build.0 = Debug|x64
		{61DBAD29-CDBA-2CC5-D6D2-B79B42319326}.Release|Mixed Platforms.ActiveCfg = Release|x64
		{61DBAD29-CDBA-2CC5-D6D2-B79B42319326}.Release|Mixed Platforms.Build.0 = Release|x64
	EndGlobalSection
	GlobalSection(SolutionProperties) = preSolution
		HideSolutionNode = FALSE
	EndGlobalSection
EndGlobal
